%{
  "accessible": {:hex, :accessible, "0.3.0", "932f6ade6ea839212fea1735ab4ffdc39a3843a622f2ea5d28f0ab41c14b4435", [:mix], [], "hexpm", "13a11b0611ab82f7b9098a88465b5674f729c02bd613216243c123c65f90f296"},
  "construct": {:hex, :construct, "2.1.10", "9444dd8fbfa447c0171735615f2b4b6bfc193bdb9334dff381bfc64401a52bb5", [:mix], [], "hexpm", "49ed3ae73ba7f06e577f0b965c96b48fa06503a7f8fe7723451bfbcf365fb1d7"},
  "jason": {:hex, :jason, "1.2.2", "ba43e3f2709fd1aa1dce90aaabfd039d000469c05c56f0b8e31978e03fa39052", [:mix], [{:decimal, "~> 1.0 or ~> 2.0", [hex: :decimal, repo: "hexpm", optional: true]}], "hexpm", "18a228f5f0058ee183f29f9eae0805c6e59d61c3b006760668d8d18ff0d12179"},
  "libgraph": {:hex, :libgraph, "0.13.3", "20732b7bafb933dcf7351c479e03076ebd14a85fd3202c67a1c197f4f7c2466b", [:mix], [], "hexpm", "78f2576eef615440b46f10060b1de1c86640441422832052686df53dc3c148c6"},
  "luerl": {:git, "https://github.com/rvirding/luerl.git", "fc668ef337b04ca2aee83c648cf6853dab8babe6", [branch: "develop"]},
  "nimble_parsec": {:hex, :nimble_parsec, "1.1.0", "3a6fca1550363552e54c216debb6a9e95bd8d32348938e13de5eda962c0d7f89", [:mix], [], "hexpm", "08eb32d66b706e913ff748f11694b17981c0b04a33ef470e33e11b3d3ac8f54b"},
  "solid": {:hex, :solid, "0.8.1", "aa82d67210520e60ccbe4b0a347e6563ded8d1298f6f01de54b6515ff4c00561", [:mix], [{:nimble_parsec, "~> 1.0", [hex: :nimble_parsec, repo: "hexpm", optional: false]}], "hexpm", "b2ae1357eb9eb0cf35d02d1947e55ac847dc5212b495185a318654aa3f74a9c8"},
}
